
Microsoft Visual Studio Solution File, Format Version 12.00
Project("{FAE04EC0-301F-11D3-BF4B-00C04F79EFBC}") = "EM2Devs.Todo.Domain", "src\EM2Devs.Todo.Domain\EM2Devs.Todo.Domain.csproj", "{A1111111-1111-1111-1111-111111111111}"
EndProject
Project("{FAE04EC0-301F-11D3-BF4B-00C04F79EFBC}") = "EM2Devs.Todo.Application", "src\EM2Devs.Todo.Application\EM2Devs.Todo.Application.csproj", "{A2222222-2222-2222-2222-222222222222}"
EndProject
Project("{FAE04EC0-301F-11D3-BF4B-00C04F79EFBC}") = "EM2Devs.Todo.Infrastructure", "src\EM2Devs.Todo.Infrastructure\EM2Devs.Todo.Infrastructure.csproj", "{A3333333-3333-3333-3333-333333333333}"
EndProject
Project("{FAE04EC0-301F-11D3-BF4B-00C04F79EFBC}") = "EM2Devs.Todo.Api", "src\EM2Devs.Todo.Api\EM2Devs.Todo.Api.csproj", "{A4444444-4444-4444-4444-444444444444}"
EndProject
Project("{FAE04EC0-301F-11D3-BF4B-00C04F79EFBC}") = "EM2Devs.Todo.Domain.UnitTests", "tests\EM2Devs.Todo.Domain.UnitTests\EM2Devs.Todo.Domain.UnitTests.csproj", "{B1111111-1111-1111-1111-111111111111}"
EndProject
Project("{FAE04EC0-301F-11D3-BF4B-00C04F79EFBC}") = "EM2Devs.Todo.Application.UnitTests", "tests\EM2Devs.Todo.Application.UnitTests\EM2Devs.Todo.Application.UnitTests.csproj", "{B2222222-2222-2222-2222-222222222222}"
EndProject
Project("{FAE04EC0-301F-11D3-BF4B-00C04F79EFBC}") = "EM2Devs.Todo.ArchitectureTests", "tests\EM2Devs.Todo.ArchitectureTests\EM2Devs.Todo.ArchitectureTests.csproj", "{B3333333-3333-3333-3333-333333333333}"
EndProject
Project("{FAE04EC0-301F-11D3-BF4B-00C04F79EFBC}") = "EM2Devs.Todo.Api.UnitTests", "tests\EM2Devs.Todo.Api.UnitTests\EM2Devs.Todo.Api.UnitTests.csproj", "{B4444444-4444-4444-4444-444444444444}"
EndProject
Project("{2150E333-8FDC-42A3-9474-1A3956D46DE8}") = "src", "src", "{827E0CD3-B72D-47B6-A68D-7590B98EB39B}"
EndProject
Project("{FAE04EC0-301F-11D3-BF4B-00C04F79EFBC}") = "EM2Devs.Todo.AppHost", "src\EM2Devs.Todo.AppHost\EM2Devs.Todo.AppHost.csproj", "{5E7E81FB-7E8F-4370-A5B1-6527696C3C11}"
EndProject
Project("{FAE04EC0-301F-11D3-BF4B-00C04F79EFBC}") = "EM2Devs.Todo.ServiceDefaults", "src\EM2Devs.Todo.ServiceDefaults\EM2Devs.Todo.ServiceDefaults.csproj", "{3C6D8DD6-D086-40AB-9BF4-BD8A953443B3}"
EndProject
Project("{2150E333-8FDC-42A3-9474-1A3956D46DE8}") = "tests", "tests", "{0AB3BF05-4346-4AA6-1389-037BE0695223}"
EndProject
Project("{FAE04EC0-301F-11D3-BF4B-00C04F79EFBC}") = "EM2Devs.Todo.Infrastructure.IntegrationTests", "tests\EM2Devs.Todo.Infrastructure.IntegrationTests\EM2Devs.Todo.Infrastructure.IntegrationTests.csproj", "{99C61DB8-A25B-40DF-8410-C4F777CA3D96}"
EndProject
Project("{FAE04EC0-301F-11D3-BF4B-00C04F79EFBC}") = "EM2Devs.Todo.AppHost.SmokeTests", "tests\EM2Devs.Todo.AppHost.SmokeTests\EM2Devs.Todo.AppHost.SmokeTests.csproj", "{62A489E0-8768-4C9E-98E6-F44E8EF35CC6}"
EndProject
Project("{FAE04EC0-301F-11D3-BF4B-00C04F79EFBC}") = "EM2Devs.Todo.Worker", "src\EM2Devs.Todo.Worker\EM2Devs.Todo.Worker.csproj", "{FEBA3B97-2575-4DCF-AE8B-81B4FD6B1A37}"
EndProject
Global
	GlobalSection(SolutionConfigurationPlatforms) = preSolution
		Debug|Any CPU = Debug|Any CPU
		Debug|x64 = Debug|x64
		Debug|x86 = Debug|x86
		Release|Any CPU = Release|Any CPU
		Release|x64 = Release|x64
		Release|x86 = Release|x86
	EndGlobalSection
	GlobalSection(ProjectConfigurationPlatforms) = postSolution
		{A1111111-1111-1111-1111-111111111111}.Debug|Any CPU.ActiveCfg = Debug|Any CPU
		{A1111111-1111-1111-1111-111111111111}.Debug|Any CPU.Build.0 = Debug|Any CPU
		{A1111111-1111-1111-1111-111111111111}.Debug|x64.ActiveCfg = Debug|Any CPU
		{A1111111-1111-1111-1111-111111111111}.Debug|x64.Build.0 = Debug|Any CPU
		{A1111111-1111-1111-1111-111111111111}.Debug|x86.ActiveCfg = Debug|Any CPU
		{A1111111-1111-1111-1111-111111111111}.Debug|x86.Build.0 = Debug|Any CPU
		{A1111111-1111-1111-1111-111111111111}.Release|Any CPU.ActiveCfg = Release|Any CPU
		{A1111111-1111-1111-1111-111111111111}.Release|Any CPU.Build.0 = Release|Any CPU
		{A1111111-1111-1111-1111-111111111111}.Release|x64.ActiveCfg = Release|Any CPU
		{A1111111-1111-1111-1111-111111111111}.Release|x64.Build.0 = Release|Any CPU
		{A1111111-1111-1111-1111-111111111111}.Release|x86.ActiveCfg = Release|Any CPU
		{A1111111-1111-1111-1111-111111111111}.Release|x86.Build.0 = Release|Any CPU
		{A2222222-2222-2222-2222-222222222222}.Debug|Any CPU.ActiveCfg = Debug|Any CPU
		{A2222222-2222-2222-2222-222222222222}.Debug|Any CPU.Build.0 = Debug|Any CPU
		{A2222222-2222-2222-2222-222222222222}.Debug|x64.ActiveCfg = Debug|Any CPU
		{A2222222-2222-2222-2222-222222222222}.Debug|x64.Build.0 = Debug|Any CPU
		{A2222222-2222-2222-2222-222222222222}.Debug|x86.ActiveCfg = Debug|Any CPU
		{A2222222-2222-2222-2222-222222222222}.Debug|x86.Build.0 = Debug|Any CPU
		{A2222222-2222-2222-2222-222222222222}.Release|Any CPU.ActiveCfg = Release|Any CPU
		{A2222222-2222-2222-2222-222222222222}.Release|Any CPU.Build.0 = Release|Any CPU
		{A2222222-2222-2222-2222-222222222222}.Release|x64.ActiveCfg = Release|Any CPU
		{A2222222-2222-2222-2222-222222222222}.Release|x64.Build.0 = Release|Any CPU
		{A2222222-2222-2222-2222-222222222222}.Release|x86.ActiveCfg = Release|Any CPU
		{A2222222-2222-2222-2222-222222222222}.Release|x86.Build.0 = Release|Any CPU
		{A3333333-3333-3333-3333-333333333333}.Debug|Any CPU.ActiveCfg = Debug|Any CPU
		{A3333333-3333-3333-3333-333333333333}.Debug|Any CPU.Build.0 = Debug|Any CPU
		{A3333333-3333-3333-3333-333333333333}.Debug|x64.ActiveCfg = Debug|Any CPU
		{A3333333-3333-3333-3333-333333333333}.Debug|x64.Build.0 = Debug|Any CPU
		{A3333333-3333-3333-3333-333333333333}.Debug|x86.ActiveCfg = Debug|Any CPU
		{A3333333-3333-3333-3333-333333333333}.Debug|x86.Build.0 = Debug|Any CPU
		{A3333333-3333-3333-3333-333333333333}.Release|Any CPU.ActiveCfg = Release|Any CPU
		{A3333333-3333-3333-3333-333333333333}.Release|Any CPU.Build.0 = Release|Any CPU
		{A3333333-3333-3333-3333-333333333333}.Release|x64.ActiveCfg = Release|Any CPU
		{A3333333-3333-3333-3333-333333333333}.Release|x64.Build.0 = Release|Any CPU
		{A3333333-3333-3333-3333-333333333333}.Release|x86.ActiveCfg = Release|Any CPU
		{A3333333-3333-3333-3333-333333333333}.Release|x86.Build.0 = Release|Any CPU
		{A4444444-4444-4444-4444-444444444444}.Debug|Any CPU.ActiveCfg = Debug|Any CPU
		{A4444444-4444-4444-4444-444444444444}.Debug|Any CPU.Build.0 = Debug|Any CPU
		{A4444444-4444-4444-4444-444444444444}.Debug|x64.ActiveCfg = Debug|Any CPU
		{A4444444-4444-4444-4444-444444444444}.Debug|x64.Build.0 = Debug|Any CPU
		{A4444444-4444-4444-4444-444444444444}.Debug|x86.ActiveCfg = Debug|Any CPU
		{A4444444-4444-4444-4444-444444444444}.Debug|x86.Build.0 = Debug|Any CPU
		{A4444444-4444-4444-4444-444444444444}.Release|Any CPU.ActiveCfg = Release|Any CPU
		{A4444444-4444-4444-4444-444444444444}.Release|Any CPU.Build.0 = Release|Any CPU
		{A4444444-4444-4444-4444-444444444444}.Release|x64.ActiveCfg = Release|Any CPU
		{A4444444-4444-4444-4444-444444444444}.Release|x64.Build.0 = Release|Any CPU
		{A4444444-4444-4444-4444-444444444444}.Release|x86.ActiveCfg = Release|Any CPU
		{A4444444-4444-4444-4444-444444444444}.Release|x86.Build.0 = Release|Any CPU
		{B1111111-1111-1111-1111-111111111111}.Debug|Any CPU.ActiveCfg = Debug|Any CPU
		{B1111111-1111-1111-1111-111111111111}.Debug|Any CPU.Build.0 = Debug|Any CPU
		{B1111111-1111-1111-1111-111111111111}.Debug|x64.ActiveCfg = Debug|Any CPU
		{B1111111-1111-1111-1111-111111111111}.Debug|x64.Build.0 = Debug|Any CPU
		{B1111111-1111-1111-1111-111111111111}.Debug|x86.ActiveCfg = Debug|Any CPU
		{B1111111-1111-1111-1111-111111111111}.Debug|x86.Build.0 = Debug|Any CPU
		{B1111111-1111-1111-1111-111111111111}.Release|Any CPU.ActiveCfg = Release|Any CPU
		{B1111111-1111-1111-1111-111111111111}.Release|Any CPU.Build.0 = Release|Any CPU
		{B1111111-1111-1111-1111-111111111111}.Release|x64.ActiveCfg = Release|Any CPU
		{B1111111-1111-1111-1111-111111111111}.Release|x64.Build.0 = Release|Any CPU
		{B1111111-1111-1111-1111-111111111111}.Release|x86.ActiveCfg = Release|Any CPU
		{B1111111-1111-1111-1111-111111111111}.Release|x86.Build.0 = Release|Any CPU
		{B2222222-2222-2222-2222-222222222222}.Debug|Any CPU.ActiveCfg = Debug|Any CPU
		{B2222222-2222-2222-2222-222222222222}.Debug|Any CPU.Build.0 = Debug|Any CPU
		{B2222222-2222-2222-2222-222222222222}.Debug|x64.ActiveCfg = Debug|Any CPU
		{B2222222-2222-2222-2222-222222222222}.Debug|x64.Build.0 = Debug|Any CPU
		{B2222222-2222-2222-2222-222222222222}.Debug|x86.ActiveCfg = Debug|Any CPU
		{B2222222-2222-2222-2222-222222222222}.Debug|x86.Build.0 = Debug|Any CPU
		{B2222222-2222-2222-2222-222222222222}.Release|Any CPU.ActiveCfg = Release|Any CPU
		{B2222222-2222-2222-2222-222222222222}.Release|Any CPU.Build.0 = Release|Any CPU
		{B2222222-2222-2222-2222-222222222222}.Release|x64.ActiveCfg = Release|Any CPU
		{B2222222-2222-2222-2222-222222222222}.Release|x64.Build.0 = Release|Any CPU
		{B2222222-2222-2222-2222-222222222222}.Release|x86.ActiveCfg = Release|Any CPU
		{B2222222-2222-2222-2222-222222222222}.Release|x86.Build.0 = Release|Any CPU
		{B3333333-3333-3333-3333-333333333333}.Debug|Any CPU.ActiveCfg = Debug|Any CPU
		{B3333333-3333-3333-3333-333333333333}.Debug|Any CPU.Build.0 = Debug|Any CPU
		{B3333333-3333-3333-3333-333333333333}.Debug|x64.ActiveCfg = Debug|Any CPU
		{B3333333-3333-3333-3333-333333333333}.Debug|x64.Build.0 = Debug|Any CPU
		{B3333333-3333-3333-3333-333333333333}.Debug|x86.ActiveCfg = Debug|Any CPU
		{B3333333-3333-3333-3333-333333333333}.Debug|x86.Build.0 = Debug|Any CPU
		{B3333333-3333-3333-3333-333333333333}.Release|Any CPU.ActiveCfg = Release|Any CPU
		{B3333333-3333-3333-3333-333333333333}.Release|Any CPU.Build.0 = Release|Any CPU
		{B3333333-3333-3333-3333-333333333333}.Release|x64.ActiveCfg = Release|Any CPU
		{B3333333-3333-3333-3333-333333333333}.Release|x64.Build.0 = Release|Any CPU
		{B3333333-3333-3333-3333-333333333333}.Release|x86.ActiveCfg = Release|Any CPU
		{B3333333-3333-3333-3333-333333333333}.Release|x86.Build.0 = Release|Any CPU
		{B4444444-4444-4444-4444-444444444444}.Debug|Any CPU.ActiveCfg = Debug|Any CPU
		{B4444444-4444-4444-4444-444444444444}.Debug|Any CPU.Build.0 = Debug|Any CPU
		{B4444444-4444-4444-4444-444444444444}.Debug|x64.ActiveCfg = Debug|Any CPU
		{B4444444-4444-4444-4444-444444444444}.Debug|x64.Build.0 = Debug|Any CPU
		{B4444444-4444-4444-4444-444444444444}.Debug|x86.ActiveCfg = Debug|Any CPU
		{B4444444-4444-4444-4444-444444444444}.Debug|x86.Build.0 = Debug|Any CPU
		{B4444444-4444-4444-4444-444444444444}.Release|Any CPU.ActiveCfg = Release|Any CPU
		{B4444444-4444-4444-4444-444444444444}.Release|Any CPU.Build.0 = Release|Any CPU
		{B4444444-4444-4444-4444-444444444444}.Release|x64.ActiveCfg = Release|Any CPU
		{B4444444-4444-4444-4444-444444444444}.Release|x64.Build.0 = Release|Any CPU
		{B4444444-4444-4444-4444-444444444444}.Release|x86.ActiveCfg = Release|Any CPU
		{B4444444-4444-4444-4444-444444444444}.Release|x86.Build.0 = Release|Any CPU
		{5E7E81FB-7E8F-4370-A5B1-6527696C3C11}.Debug|Any CPU.ActiveCfg = Debug|Any CPU
		{5E7E81FB-7E8F-4370-A5B1-6527696C3C11}.Debug|Any CPU.Build.0 = Debug|Any CPU
		{5E7E81FB-7E8F-4370-A5B1-6527696C3C11}.Debug|x64.ActiveCfg = Debug|Any CPU
		{5E7E81FB-7E8F-4370-A5B1-6527696C3C11}.Debug|x64.Build.0 = Debug|Any CPU
		{5E7E81FB-7E8F-4370-A5B1-6527696C3C11}.Debug|x86.ActiveCfg = Debug|Any CPU
		{5E7E81FB-7E8F-4370-A5B1-6527696C3C11}.Debug|x86.Build.0 = Debug|Any CPU
		{5E7E81FB-7E8F-4370-A5B1-6527696C3C11}.Release|Any CPU.ActiveCfg = Release|Any CPU
		{5E7E81FB-7E8F-4370-A5B1-6527696C3C11}.Release|Any CPU.Build.0 = Release|Any CPU
		{5E7E81FB-7E8F-4370-A5B1-6527696C3C11}.Release|x64.ActiveCfg = Release|Any CPU
		{5E7E81FB-7E8F-4370-A5B1-6527696C3C11}.Release|x64.Build.0 = Release|Any CPU
		{5E7E81FB-7E8F-4370-A5B1-6527696C3C11}.Release|x86.ActiveCfg = Release|Any CPU
		{5E7E81FB-7E8F-4370-A5B1-6527696C3C11}.Release|x86.Build.0 = Release|Any CPU
		{3C6D8DD6-D086-40AB-9BF4-BD8A953443B3}.Debug|Any CPU.ActiveCfg = Debug|Any CPU
		{3C6D8DD6-D086-40AB-9BF4-BD8A953443B3}.Debug|Any CPU.Build.0 = Debug|Any CPU
		{3C6D8DD6-D086-40AB-9BF4-BD8A953443B3}.Debug|x64.ActiveCfg = Debug|Any CPU
		{3C6D8DD6-D086-40AB-9BF4-BD8A953443B3}.Debug|x64.Build.0 = Debug|Any CPU
		{3C6D8DD6-D086-40AB-9BF4-BD8A953443B3}.Debug|x86.ActiveCfg = Debug|Any CPU
		{3C6D8DD6-D086-40AB-9BF4-BD8A953443B3}.Debug|x86.Build.0 = Debug|Any CPU
		{3C6D8DD6-D086-40AB-9BF4-BD8A953443B3}.Release|Any CPU.ActiveCfg = Release|Any CPU
		{3C6D8DD6-D086-40AB-9BF4-BD8A953443B3}.Release|Any CPU.Build.0 = Release|Any CPU
		{3C6D8DD6-D086-40AB-9BF4-BD8A953443B3}.Release|x64.ActiveCfg = Release|Any CPU
		{3C6D8DD6-D086-40AB-9BF4-BD8A953443B3}.Release|x64.Build.0 = Release|Any CPU
		{3C6D8DD6-D086-40AB-9BF4-BD8A953443B3}.Release|x86.ActiveCfg = Release|Any CPU
		{3C6D8DD6-D086-40AB-9BF4-BD8A953443B3}.Release|x86.Build.0 = Release|Any CPU
		{99C61DB8-A25B-40DF-8410-C4F777CA3D96}.Debug|Any CPU.ActiveCfg = Debug|Any CPU
		{99C61DB8-A25B-40DF-8410-C4F777CA3D96}.Debug|Any CPU.Build.0 = Debug|Any CPU
		{99C61DB8-A25B-40DF-8410-C4F777CA3D96}.Debug|x64.ActiveCfg = Debug|Any CPU
		{99C61DB8-A25B-40DF-8410-C4F777CA3D96}.Debug|x64.Build.0 = Debug|Any CPU
		{99C61DB8-A25B-40DF-8410-C4F777CA3D96}.Debug|x86.ActiveCfg = Debug|Any CPU
		{99C61DB8-A25B-40DF-8410-C4F777CA3D96}.Debug|x86.Build.0 = Debug|Any CPU
		{99C61DB8-A25B-40DF-8410-C4F777CA3D96}.Release|Any CPU.ActiveCfg = Release|Any CPU
		{99C61DB8-A25B-40DF-8410-C4F777CA3D96}.Release|Any CPU.Build.0 = Release|Any CPU
		{99C61DB8-A25B-40DF-8410-C4F777CA3D96}.Release|x64.ActiveCfg = Release|Any CPU
		{99C61DB8-A25B-40DF-8410-C4F777CA3D96}.Release|x64.Build.0 = Release|Any CPU
		{99C61DB8-A25B-40DF-8410-C4F777CA3D96}.Release|x86.ActiveCfg = Release|Any CPU
		{99C61DB8-A25B-40DF-8410-C4F777CA3D96}.Release|x86.Build.0 = Release|Any CPU
		{62A489E0-8768-4C9E-98E6-F44E8EF35CC6}.Debug|Any CPU.ActiveCfg = Debug|Any CPU
		{62A489E0-8768-4C9E-98E6-F44E8EF35CC6}.Debug|Any CPU.Build.0 = Debug|Any CPU
		{62A489E0-8768-4C9E-98E6-F44E8EF35CC6}.Debug|x64.ActiveCfg = Debug|Any CPU
		{62A489E0-8768-4C9E-98E6-F44E8EF35CC6}.Debug|x64.Build.0 = Debug|Any CPU
		{62A489E0-8768-4C9E-98E6-F44E8EF35CC6}.Debug|x86.ActiveCfg = Debug|Any CPU
		{62A489E0-8768-4C9E-98E6-F44E8EF35CC6}.Debug|x86.Build.0 = Debug|Any CPU
		{62A489E0-8768-4C9E-98E6-F44E8EF35CC6}.Release|Any CPU.ActiveCfg = Release|Any CPU
		{62A489E0-8768-4C9E-98E6-F44E8EF35CC6}.Release|Any CPU.Build.0 = Release|Any CPU
		{62A489E0-8768-4C9E-98E6-F44E8EF35CC6}.Release|x64.ActiveCfg = Release|Any CPU
		{62A489E0-8768-4C9E-98E6-F44E8EF35CC6}.Release|x64.Build.0 = Release|Any CPU
		{62A489E0-8768-4C9E-98E6-F44E8EF35CC6}.Release|x86.ActiveCfg = Release|Any CPU
		{62A489E0-8768-4C9E-98E6-F44E8EF35CC6}.Release|x86.Build.0 = Release|Any CPU
		{FEBA3B97-2575-4DCF-AE8B-81B4FD6B1A37}.Debug|Any CPU.ActiveCfg = Debug|Any CPU
		{FEBA3B97-2575-4DCF-AE8B-81B4FD6B1A37}.Debug|Any CPU.Build.0 = Debug|Any CPU
		{FEBA3B97-2575-4DCF-AE8B-81B4FD6B1A37}.Debug|x64.ActiveCfg = Debug|Any CPU
		{FEBA3B97-2575-4DCF-AE8B-81B4FD6B1A37}.Debug|x64.Build.0 = Debug|Any CPU
		{FEBA3B97-2575-4DCF-AE8B-81B4FD6B1A37}.Debug|x86.ActiveCfg = Debug|Any CPU
		{FEBA3B97-2575-4DCF-AE8B-81B4FD6B1A37}.Debug|x86.Build.0 = Debug|Any CPU
		{FEBA3B97-2575-4DCF-AE8B-81B4FD6B1A37}.Release|Any CPU.ActiveCfg = Release|Any CPU
		{FEBA3B97-2575-4DCF-AE8B-81B4FD6B1A37}.Release|Any CPU.Build.0 = Release|Any CPU
		{FEBA3B97-2575-4DCF-AE8B-81B4FD6B1A37}.Release|x64.ActiveCfg = Release|Any CPU
		{FEBA3B97-2575-4DCF-AE8B-81B4FD6B1A37}.Release|x64.Build.0 = Release|Any CPU
		{FEBA3B97-2575-4DCF-AE8B-81B4FD6B1A37}.Release|x86.ActiveCfg = Release|Any CPU
		{FEBA3B97-2575-4DCF-AE8B-81B4FD6B1A37}.Release|x86.Build.0 = Release|Any CPU
	EndGlobalSection
	GlobalSection(SolutionProperties) = preSolution
		HideSolutionNode = FALSE
	EndGlobalSection
	GlobalSection(NestedProjects) = preSolution
		{5E7E81FB-7E8F-4370-A5B1-6527696C3C11} = {827E0CD3-B72D-47B6-A68D-7590B98EB39B}
		{3C6D8DD6-D086-40AB-9BF4-BD8A953443B3} = {827E0CD3-B72D-47B6-A68D-7590B98EB39B}
		{99C61DB8-A25B-40DF-8410-C4F777CA3D96} = {0AB3BF05-4346-4AA6-1389-037BE0695223}
		{62A489E0-8768-4C9E-98E6-F44E8EF35CC6} = {0AB3BF05-4346-4AA6-1389-037BE0695223}
		{FEBA3B97-2575-4DCF-AE8B-81B4FD6B1A37} = {827E0CD3-B72D-47B6-A68D-7590B98EB39B}
	EndGlobalSection
EndGlobal
